
Microsoft Visual Studio Solution File, Format Version 12.00
# Visual Studio Version 17
VisualStudioVersion = 17.5.002.0
MinimumVisualStudioVersion = 10.0.40219.1
Project("{9A19103F-16F7-4668-BE54-9A1E7A4F7556}") = "myWebApp", "myWebApp.csproj", "{30C1D5BB-444F-4C52-AEFA-F80D95483CF4}"
EndProject
Global
	GlobalSection(SolutionConfigurationPlatforms) = preSolution
		Debug|Any CPU = Debug|Any CPU
		Release|Any CPU = Release|Any CPU
	EndGlobalSection
	GlobalSection(ProjectConfigurationPlatforms) = postSolution
		{30C1D5BB-444F-4C52-AEFA-F80D95483CF4}.Debug|Any CPU.ActiveCfg = Debug|Any CPU
		{30C1D5BB-444F-4C52-AEFA-F80D95483CF4}.Debug|Any CPU.Build.0 = Debug|Any CPU
		{30C1D5BB-444F-4C52-AEFA-F80D95483CF4}.Release|Any CPU.ActiveCfg = Release|Any CPU
		{30C1D5BB-444F-4C52-AEFA-F80D95483CF4}.Release|Any CPU.Build.0 = Release|Any CPU
	EndGlobalSection
	GlobalSection(SolutionProperties) = preSolution
		HideSolutionNode = FALSE
	EndGlobalSection
	GlobalSection(ExtensibilityGlobals) = postSolution
		SolutionGuid = {FFD2DC98-225D-4AAB-A721-B78ED3F254A9}
	EndGlobalSection
EndGlobal
